
Microsoft Visual Studio Solution File, Format Version 12.00
# Visual Studio Version 16
VisualStudioVersion = 16.0.31702.278
MinimumVisualStudioVersion = 10.0.40219.1
Project("{FAE04EC0-301F-11D3-BF4B-00C04F79EFBC}") = "MinhasColecoes.API", "MinhasColecoes.API\MinhasColecoes.API.csproj", "{ECB18443-8508-4440-8798-B1DC27FB414F}"
EndProject
Project("{FAE04EC0-301F-11D3-BF4B-00C04F79EFBC}") = "MinhasColecoes.Aplicacao", "MinhasColecoes.Core\MinhasColecoes.Aplicacao.csproj", "{0857DEA6-6039-40C2-8158-42B70230BD61}"
EndProject
Project("{FAE04EC0-301F-11D3-BF4B-00C04F79EFBC}") = "MinhasColecoes.Persistencia", "MinhasColecoes.Persistencia\MinhasColecoes.Persistencia.csproj", "{9CF8D206-1854-417C-9C69-AD1E39497DBC}"
EndProject
Global
	GlobalSection(SolutionConfigurationPlatforms) = preSolution
		Debug|Any CPU = Debug|Any CPU
		Release|Any CPU = Release|Any CPU
	EndGlobalSection
	GlobalSection(ProjectConfigurationPlatforms) = postSolution
		{ECB18443-8508-4440-8798-B1DC27FB414F}.Debug|Any CPU.ActiveCfg = Debug|Any CPU
		{ECB18443-8508-4440-8798-B1DC27FB414F}.Debug|Any CPU.Build.0 = Debug|Any CPU
		{ECB18443-8508-4440-8798-B1DC27FB414F}.Release|Any CPU.ActiveCfg = Release|Any CPU
		{ECB18443-8508-4440-8798-B1DC27FB414F}.Release|Any CPU.Build.0 = Release|Any CPU
		{0857DEA6-6039-40C2-8158-42B70230BD61}.Debug|Any CPU.ActiveCfg = Debug|Any CPU
		{0857DEA6-6039-40C2-8158-42B70230BD61}.Debug|Any CPU.Build.0 = Debug|Any CPU
		{0857DEA6-6039-40C2-8158-42B70230BD61}.Release|Any CPU.ActiveCfg = Release|Any CPU
		{0857DEA6-6039-40C2-8158-42B70230BD61}.Release|Any CPU.Build.0 = Release|Any CPU
		{9CF8D206-1854-417C-9C69-AD1E39497DBC}.Debug|Any CPU.ActiveCfg = Debug|Any CPU
		{9CF8D206-1854-417C-9C69-AD1E39497DBC}.Debug|Any CPU.Build.0 = Debug|Any CPU
		{9CF8D206-1854-417C-9C69-AD1E39497DBC}.Release|Any CPU.ActiveCfg = Release|Any CPU
		{9CF8D206-1854-417C-9C69-AD1E39497DBC}.Release|Any CPU.Build.0 = Release|Any CPU
	EndGlobalSection
	GlobalSection(SolutionProperties) = preSolution
		HideSolutionNode = FALSE
	EndGlobalSection
	GlobalSection(ExtensibilityGlobals) = postSolution
		SolutionGuid = {6C5A1548-4750-4492-827E-B2823734B698}
	EndGlobalSection
EndGlobal
